<?xml version="1.0" encoding="utf-8"?>
<Project ToolsVersion="4.0" xmlns="http://schemas.microsoft.com/developer/msbuild/2003">
  <ItemGroup>
    <Filter Include="UI">
      <UniqueIdentifier>{83755900-6F01-880B-D8AF-880BC45A880B}</UniqueIdentifier>
    </Filter>
    <Filter Include="include">
      <UniqueIdentifier>{89AF369E-F58E-B539-FEA6-40106A051C9B}</UniqueIdentifier>
    </Filter>
    <Filter Include="src">
      <UniqueIdentifier>{2DAB880B-99B4-887C-2230-9F7C8E38947C}</UniqueIdentifier>
    </Filter>
  </ItemGroup>
  <ItemGroup>
    <ClInclude Include="UI\Button.h">
      <Filter>UI</Filter>
    </ClInclude>
    <ClInclude Include="UI\Label.h">
      <Filter>UI</Filter>
    </ClInclude>
    <ClInclude Include="UI\Menu.h">
      <Filter>UI</Filter>
    </ClInclude>
    <ClInclude Include="UI\PointerS.h">
      <Filter>UI</Filter>
    </ClInclude>
    <ClInclude Include="UI\RectS.h">
      <Filter>UI</Filter>
    </ClInclude>
    <ClInclude Include="UI\Slider.h">
      <Filter>UI</Filter>
    </ClInclude>
    <ClInclude Include="UI\UI.h">
      <Filter>UI</Filter>
    </ClInclude>
    <ClInclude Include="UI\Widget.h">
      <Filter>UI</Filter>
    </ClInclude>
    <ClInclude Include="include\MyRandom.hpp">
      <Filter>include</Filter>
    </ClInclude>
    <ClInclude Include="include\asteroide.hpp">
      <Filter>include</Filter>
    </ClInclude>
    <ClInclude Include="include\astronave.hpp">
      <Filter>include</Filter>
    </ClInclude>
    <ClInclude Include="include\cuore.hpp">
      <Filter>include</Filter>
    </ClInclude>
    <ClInclude Include="include\esplosione.hpp">
      <Filter>include</Filter>
    </ClInclude>
    <ClInclude Include="include\gioco.hpp">
      <Filter>include</Filter>
    </ClInclude>
    <ClInclude Include="include\interface.hpp">
      <Filter>include</Filter>
    </ClInclude>
    <ClInclude Include="include\laser.hpp">
      <Filter>include</Filter>
    </ClInclude>
    <ClInclude Include="include\menuHandler.hpp">
      <Filter>include</Filter>
    </ClInclude>
    <ClInclude Include="include\powerup.hpp">
      <Filter>include</Filter>
    </ClInclude>
    <ClInclude Include="include\settingsManager.hpp">
      <Filter>include</Filter>
    </ClInclude>
    <ClInclude Include="include\specs.hpp">
      <Filter>include</Filter>
    </ClInclude>
    <ClInclude Include="include\stelle.hpp">
      <Filter>include</Filter>
    </ClInclude>
    <ClInclude Include="include\timer.hpp">
      <Filter>include</Filter>
    </ClInclude>
  </ItemGroup>
  <ItemGroup>
    <ClCompile Include="UI\Button.cpp">
      <Filter>UI</Filter>
    </ClCompile>
    <ClCompile Include="UI\Label.cpp">
      <Filter>UI</Filter>
    </ClCompile>
    <ClCompile Include="UI\Slider.cpp">
      <Filter>UI</Filter>
    </ClCompile>
    <ClCompile Include="src\Space Invader.cpp">
      <Filter>src</Filter>
    </ClCompile>
    <ClCompile Include="src\asteroide.cpp">
      <Filter>src</Filter>
    </ClCompile>
    <ClCompile Include="src\astronave.cpp">
      <Filter>src</Filter>
    </ClCompile>
    <ClCompile Include="src\cuore.cpp">
      <Filter>src</Filter>
    </ClCompile>
    <ClCompile Include="src\gioco.cpp">
      <Filter>src</Filter>
    </ClCompile>
    <ClCompile Include="src\interface.cpp">
      <Filter>src</Filter>
    </ClCompile>
    <ClCompile Include="src\laser.cpp">
      <Filter>src</Filter>
    </ClCompile>
    <ClCompile Include="src\powerup.cpp">
      <Filter>src</Filter>
    </ClCompile>
    <ClCompile Include="src\settingsManager.cpp">
      <Filter>src</Filter>
    </ClCompile>
    <ClCompile Include="src\stelle.cpp">
      <Filter>src</Filter>
    </ClCompile>
    <ClCompile Include="src\esplosione.cpp" />
  </ItemGroup>
</Project>